{
  "name": "node-olamundo",
  "version": "1.0.0",
  "lockfileVersion": 1,
  "requires": true,
  "dependencies": {
    "console-log-hello-world": {
      "version": "1.0.3",
      "resolved": "https://registry.npmjs.org/console-log-hello-world/-/console-log-hello-world-1.0.3.tgz",
      "integrity": "sha1-zqeqbCjxe+fwtTWFBVAKPR/oNGc=",
      "dev": true
    }
  }
}
